
Microsoft Visual Studio Solution File, Format Version 12.00
# Visual Studio Version 16
VisualStudioVersion = 16.0.30907.101
MinimumVisualStudioVersion = 10.0.40219.1
Project("{FAE04EC0-301F-11D3-BF4B-00C04F79EFBC}") = "MilliganNathaniel413Assignment3", "MilliganNathaniel413Assignment3.csproj", "{EB7E5FB8-4B62-49F0-9115-3813D8868C7C}"
EndProject
Global
	GlobalSection(SolutionConfigurationPlatforms) = preSolution
		Debug|Any CPU = Debug|Any CPU
		Release|Any CPU = Release|Any CPU
	EndGlobalSection
	GlobalSection(ProjectConfigurationPlatforms) = postSolution
		{EB7E5FB8-4B62-49F0-9115-3813D8868C7C}.Debug|Any CPU.ActiveCfg = Debug|Any CPU
		{EB7E5FB8-4B62-49F0-9115-3813D8868C7C}.Debug|Any CPU.Build.0 = Debug|Any CPU
		{EB7E5FB8-4B62-49F0-9115-3813D8868C7C}.Release|Any CPU.ActiveCfg = Release|Any CPU
		{EB7E5FB8-4B62-49F0-9115-3813D8868C7C}.Release|Any CPU.Build.0 = Release|Any CPU
	EndGlobalSection
	GlobalSection(SolutionProperties) = preSolution
		HideSolutionNode = FALSE
	EndGlobalSection
	GlobalSection(ExtensibilityGlobals) = postSolution
		SolutionGuid = {2541976B-BEBA-4A04-BC2E-1FF54486AEA3}
	EndGlobalSection
EndGlobal
